
Microsoft Visual Studio Solution File, Format Version 12.00
# Visual Studio Version 17
VisualStudioVersion = 17.9.34622.214
MinimumVisualStudioVersion = 10.0.40219.1
Project("{FAE04EC0-301F-11D3-BF4B-00C04F79EFBC}") = "PGM2_SVG_Animace", "PGM2_SVG_Animace\PGM2_SVG_Animace.csproj", "{D932AD1C-5372-45A7-8127-186FABC14AFA}"
EndProject
Global
	GlobalSection(SolutionConfigurationPlatforms) = preSolution
		Debug|Any CPU = Debug|Any CPU
		Release|Any CPU = Release|Any CPU
	EndGlobalSection
	GlobalSection(ProjectConfigurationPlatforms) = postSolution
		{D932AD1C-5372-45A7-8127-186FABC14AFA}.Debug|Any CPU.ActiveCfg = Debug|Any CPU
		{D932AD1C-5372-45A7-8127-186FABC14AFA}.Debug|Any CPU.Build.0 = Debug|Any CPU
		{D932AD1C-5372-45A7-8127-186FABC14AFA}.Release|Any CPU.ActiveCfg = Release|Any CPU
		{D932AD1C-5372-45A7-8127-186FABC14AFA}.Release|Any CPU.Build.0 = Release|Any CPU
	EndGlobalSection
	GlobalSection(SolutionProperties) = preSolution
		HideSolutionNode = FALSE
	EndGlobalSection
	GlobalSection(ExtensibilityGlobals) = postSolution
		SolutionGuid = {45F030E9-7897-43A2-9BFE-5D59EEF32448}
	EndGlobalSection
EndGlobal
